{
  "version": 4,
  "terraform_version": "1.2.9",
  "serial": 30,
  "lineage": "0e690a3e-a911-ecfd-4bd8-94b394bb284f",
  "outputs": {},
  "resources": [
    {
      "module": "module.cluster",
      "mode": "managed",
      "type": "google_container_cluster",
      "name": "cluster",
      "provider": "provider[\"registry.terraform.io/hashicorp/google\"]",
      "instances": [
        {
          "schema_version": 1,
          "attributes": {
            "addons_config": [
              {
                "cloudrun_config": [],
                "dns_cache_config": [],
                "gce_persistent_disk_csi_driver_config": [
                  {
                    "enabled": true
                  }
                ],
                "gcp_filestore_csi_driver_config": [],
                "horizontal_pod_autoscaling": [],
                "http_load_balancing": [],
                "network_policy_config": [
                  {
                    "disabled": false
                  }
                ]
              }
            ],
            "authenticator_groups_config": [],
            "binary_authorization": [
              {
                "enabled": false,
                "evaluation_mode": ""
              }
            ],
            "cluster_autoscaling": [
              {
                "auto_provisioning_defaults": [],
                "enabled": false,
                "resource_limits": []
              }
            ],
            "cluster_ipv4_cidr": "10.41.0.0/16",
            "confidential_nodes": [],
            "database_encryption": [
              {
                "key_name": "",
                "state": "DECRYPTED"
              }
            ],
            "datapath_provider": "",
            "default_max_pods_per_node": 110,
            "default_snat_status": [
              {
                "disabled": false
              }
            ],
            "description": "",
            "dns_config": [],
            "enable_autopilot": false,
            "enable_binary_authorization": false,
            "enable_intranode_visibility": false,
            "enable_kubernetes_alpha": false,
            "enable_legacy_abac": false,
            "enable_shielded_nodes": false,
            "enable_tpu": false,
            "endpoint": "104.197.187.64",
            "id": "projects/ethereal-jigsaw-362607/locations/us-central1/clusters/gke-example",
            "initial_node_count": 1,
            "ip_allocation_policy": [
              {
                "cluster_ipv4_cidr_block": "10.41.0.0/16",
                "cluster_secondary_range_name": "gke-pods-1",
                "services_ipv4_cidr_block": "10.42.0.0/16",
                "services_secondary_range_name": "gke-services-1"
              }
            ],
            "label_fingerprint": "63602845",
            "location": "us-central1",
            "logging_config": [
              {
                "enable_components": [
                  "SYSTEM_COMPONENTS",
                  "WORKLOADS"
                ]
              }
            ],
            "logging_service": "logging.googleapis.com/kubernetes",
            "maintenance_policy": [
              {
                "daily_maintenance_window": [
                  {
                    "duration": "PT4H0M0S",
                    "start_time": "06:00"
                  }
                ],
                "maintenance_exclusion": [],
                "recurring_window": []
              }
            ],
            "master_auth": [
              {
                "client_certificate": "",
                "client_certificate_config": [
                  {
                    "issue_client_certificate": false
                  }
                ],
                "client_key": "",
                "cluster_ca_certificate": "LS0tLS1CRUdJTiBDRVJUSUZJQ0FURS0tLS0tCk1JSUVMVENDQXBXZ0F3SUJBZ0lSQUxTWVpyZXRIT0tOQ2tsb2NWNmNwUkV3RFFZSktvWklodmNOQVFFTEJRQXcKTHpFdE1Dc0dBMVVFQXhNa1pqVXhOV1JpTkdFdE1qSmtZUzAwWWpGaExXSTJZVGd0TWpJM09EQTRZMlZsTUdZMApNQ0FYRFRJeU1Ea3hPVEUyTURnek5Wb1lEekl3TlRJd09URXhNVGN3T0RNMVdqQXZNUzB3S3dZRFZRUURFeVJtCk5URTFaR0kwWVMweU1tUmhMVFJpTVdFdFlqWmhPQzB5TWpjNE1EaGpaV1V3WmpRd2dnR2lNQTBHQ1NxR1NJYjMKRFFFQkFRVUFBNElCandBd2dnR0tBb0lCZ1FDOHFwMGFLUGNyY2VUN3V6MjRPdUJTd1I0WGVsR0MyVEppTHgzVgo4SVpLNHoyaDN4YmRRL2FZaEZJTEtzRFlCc2Z3b0F5ZU9ERGR3Rklmd0VMeXdMcUEwa0pDQnNmL2RJNmw1dzVvCmUxMUM4bndVK3hwdWVKR2lodExoME4xQ3hvVHZqYW16elMxWGsyNkJ2OGhJL21VNFBWS2RDVW82V0xaRUUvWlQKUkU4MkZrd2JzT0NQUHcxbml0cW9xTGhzODVleHNTU2xpcXlhTitFakxBMnkvYmdpbXp3N1BkWlRscDY1UWdlcApNSjZOMzdEeTdCeTNPVWl3QVF2WW41aHdYUTQxbWhYMUZOaGM4cHcrYkpBNjV2d1MvMitiSFpEa2VaaVJqR3UwCjZ5a2FoWk1Oei9WYWFIWWtkQTRBTnVEVXB3dm5HUCsxKzNzMXFmeWFSVlFIcHZWTm1zeWdtR2NOa0N0emx2em8KQ09qMnlZTEtDamxtNWtzYUhERTUwQW8zM1Z4T0FFdnRFa3NKaUo3U1hhNXptVlN4a2taRVJzdmlKY2RVODZSZwp2bTdCb05rT1RvL2VId1lrK0I2cXFZOG5VRmpiZm1Xd3k4eEZjbWl6bk5vcE95bVI3SC9NTjhlVEpOZlpFUmhXCmQ4aWR1SEE5VzVCNFcramRQaWZEU2gzUzgxVUNBd0VBQWFOQ01FQXdEZ1lEVlIwUEFRSC9CQVFEQWdJRU1BOEcKQTFVZEV3RUIvd1FGTUFNQkFmOHdIUVlEVlIwT0JCWUVGSVc0NXlxeTdmbnpBMWxOKzdaVWhKdG1OUmNkTUEwRwpDU3FHU0liM0RRRUJDd1VBQTRJQmdRQlVMakdjN2ZRbXJMRWJodDk0UVdFclNSOFdzTElXVGs0Vmo0djFWSk5HCi9JM3pDUi8vQ1VYbWhQM2swM1BpZk56WjQ3RjRUVGdZZ21DTWh0RDN1VDVtRXdQbnB4QjVRMkdDZWtlOHFlYVQKeEFBb0JRYjVlZHZQeTV1Z2VlTHJuN2FpYU1YcEFEY1J6VlB6TG9FOEJQbTVMRUtScXJMbTkyazUxUG5FU2ZyZQo0aWM1SjM1eHVWMnQ0YUU2UDBkRjlRODZJNHdvc3JrekNaTkZsR3ZHdjFEME5FaUF4MXR4bUJzVUMrTWl6U1N0CnFYUEhWMXl2bTBuVkxCUlNPMWZKUFVCcU9hYlBSd09ySSsyR3ozcnBuYW93RFZsRkJOY2wrWjJCd0IyY0NkMWMKdUVCZm1yWU8zNzE2cFNBaUdrc2h5bEpzS2dBeFNGWWdVYzk5VEc1WWJHWDhLMTJEbG8xSi8zdmFVOFVML2U2bwpxRVRrL1BsZEZyUStXN2ZZSWY4dXJGMkRiaHJhbDl5bDFoWndSUFgzK2I1Y2tUWkZFQ3N1Y2Y0YlJDbGp5Sm1iCkZOUEdtM3oxM3ovQ1RKVHZEVE1sNXlvUUxDS1B1ME0vNm4veml6dXFNRUlQNTBRNGlpekFIcVVZeG1WN3pmUGIKaXlpd2JUTTYxM0hwR3hZbmdMN2FmSFk9Ci0tLS0tRU5EIENFUlRJRklDQVRFLS0tLS0K"
              }
            ],
            "master_authorized_networks_config": [
              {
                "cidr_blocks": [
                  {
                    "cidr_block": "0.0.0.0/0",
                    "display_name": "everywhere"
                  }
                ]
              }
            ],
            "master_version": "1.22.12-gke.300",
            "mesh_certificates": [],
            "min_master_version": "1.22.12-gke.300",
            "monitoring_config": [
              {
                "enable_components": [
                  "SYSTEM_COMPONENTS"
                ]
              }
            ],
            "monitoring_service": "monitoring.googleapis.com/kubernetes",
            "name": "gke-example",
            "network": "projects/ethereal-jigsaw-362607/global/networks/kube",
            "network_policy": [
              {
                "enabled": true,
                "provider": ""
              }
            ],
            "networking_mode": "VPC_NATIVE",
            "node_config": [],
            "node_locations": [
              "us-central1-b",
              "us-central1-c",
              "us-central1-f"
            ],
            "node_pool": [],
            "node_version": "1.22.12-gke.300",
            "notification_config": [
              {
                "pubsub": [
                  {
                    "enabled": false,
                    "topic": ""
                  }
                ]
              }
            ],
            "operation": null,
            "private_cluster_config": [],
            "private_ipv6_google_access": "",
            "project": "ethereal-jigsaw-362607",
            "release_channel": [
              {
                "channel": "UNSPECIFIED"
              }
            ],
            "remove_default_node_pool": true,
            "resource_labels": {
              "kubernetescluster": "gke-example"
            },
            "resource_usage_export_config": [],
            "self_link": "https://container.googleapis.com/v1/projects/ethereal-jigsaw-362607/locations/us-central1/clusters/gke-example",
            "service_external_ips_config": [
              {
                "enabled": false
              }
            ],
            "services_ipv4_cidr": "10.42.0.0/16",
            "subnetwork": "projects/ethereal-jigsaw-362607/regions/us-central1/subnetworks/kube-subnet",
            "timeouts": null,
            "tpu_ipv4_cidr_block": "",
            "vertical_pod_autoscaling": [
              {
                "enabled": false
              }
            ],
            "workload_identity_config": []
          },
          "sensitive_attributes": [],
          "private": "eyJlMmJmYjczMC1lY2FhLTExZTYtOGY4OC0zNDM2M2JjN2M0YzAiOnsiY3JlYXRlIjoyNDAwMDAwMDAwMDAwLCJkZWxldGUiOjI0MDAwMDAwMDAwMDAsInJlYWQiOjI0MDAwMDAwMDAwMDAsInVwZGF0ZSI6MzYwMDAwMDAwMDAwMH0sInNjaGVtYV92ZXJzaW9uIjoiMSJ9",
          "dependencies": [
            "module.network.google_compute_network.network",
            "module.network.google_compute_subnetwork.subnetwork"
          ],
          "create_before_destroy": true
        }
      ]
    },
    {
      "module": "module.network",
      "mode": "managed",
      "type": "google_compute_network",
      "name": "network",
      "provider": "provider[\"registry.terraform.io/hashicorp/google\"]",
      "instances": [
        {
          "schema_version": 0,
          "attributes": {
            "auto_create_subnetworks": false,
            "delete_default_routes_on_create": false,
            "description": "",
            "enable_ula_internal_ipv6": false,
            "gateway_ipv4": "",
            "id": "projects/ethereal-jigsaw-362607/global/networks/kube",
            "internal_ipv6_range": "",
            "mtu": 0,
            "name": "kube",
            "project": "ethereal-jigsaw-362607",
            "routing_mode": "GLOBAL",
            "self_link": "https://www.googleapis.com/compute/v1/projects/ethereal-jigsaw-362607/global/networks/kube",
            "timeouts": null
          },
          "sensitive_attributes": [],
          "private": "eyJlMmJmYjczMC1lY2FhLTExZTYtOGY4OC0zNDM2M2JjN2M0YzAiOnsiY3JlYXRlIjoxMjAwMDAwMDAwMDAwLCJkZWxldGUiOjEyMDAwMDAwMDAwMDAsInVwZGF0ZSI6MTIwMDAwMDAwMDAwMH19",
          "create_before_destroy": true
        }
      ]
    },
    {
      "module": "module.network",
      "mode": "managed",
      "type": "google_compute_subnetwork",
      "name": "subnetwork",
      "provider": "provider[\"registry.terraform.io/hashicorp/google\"]",
      "instances": [
        {
          "schema_version": 0,
          "attributes": {
            "creation_timestamp": "2022-09-19T10:08:10.491-07:00",
            "description": "",
            "external_ipv6_prefix": "",
            "fingerprint": null,
            "gateway_address": "10.40.0.1",
            "id": "projects/ethereal-jigsaw-362607/regions/us-central1/subnetworks/kube-subnet",
            "ip_cidr_range": "10.40.0.0/16",
            "ipv6_access_type": "",
            "ipv6_cidr_range": "",
            "log_config": [],
            "name": "kube-subnet",
            "network": "https://www.googleapis.com/compute/v1/projects/ethereal-jigsaw-362607/global/networks/kube",
            "private_ip_google_access": true,
            "private_ipv6_google_access": "DISABLE_GOOGLE_ACCESS",
            "project": "ethereal-jigsaw-362607",
            "purpose": "PRIVATE",
            "region": "us-central1",
            "role": "",
            "secondary_ip_range": [
              {
                "ip_cidr_range": "10.41.0.0/16",
                "range_name": "gke-pods-1"
              },
              {
                "ip_cidr_range": "10.42.0.0/16",
                "range_name": "gke-services-1"
              }
            ],
            "self_link": "https://www.googleapis.com/compute/v1/projects/ethereal-jigsaw-362607/regions/us-central1/subnetworks/kube-subnet",
            "stack_type": "IPV4_ONLY",
            "timeouts": null
          },
          "sensitive_attributes": [],
          "private": "eyJlMmJmYjczMC1lY2FhLTExZTYtOGY4OC0zNDM2M2JjN2M0YzAiOnsiY3JlYXRlIjoxMjAwMDAwMDAwMDAwLCJkZWxldGUiOjEyMDAwMDAwMDAwMDAsInVwZGF0ZSI6MTIwMDAwMDAwMDAwMH19",
          "dependencies": [
            "module.network.google_compute_network.network"
          ],
          "create_before_destroy": true
        }
      ]
    },
    {
      "module": "module.node_pool",
      "mode": "managed",
      "type": "google_container_node_pool",
      "name": "node_pool",
      "provider": "provider[\"registry.terraform.io/hashicorp/google\"]",
      "instances": [
        {
          "schema_version": 1,
          "attributes": {
            "autoscaling": [
              {
                "location_policy": "",
                "max_node_count": 2,
                "min_node_count": 1,
                "total_max_node_count": 0,
                "total_min_node_count": 0
              }
            ],
            "cluster": "gke-example",
            "id": "projects/ethereal-jigsaw-362607/locations/us-central1/clusters/gke-example/nodePools/gke-example-node-pool-46b2",
            "initial_node_count": 1,
            "instance_group_urls": [
              "https://www.googleapis.com/compute/v1/projects/ethereal-jigsaw-362607/zones/us-central1-c/instanceGroupManagers/gke-gke-example-gke-example-node-pool-94b13174-grp"
            ],
            "location": "us-central1",
            "managed_instance_group_urls": [
              "https://www.googleapis.com/compute/v1/projects/ethereal-jigsaw-362607/zones/us-central1-c/instanceGroups/gke-gke-example-gke-example-node-pool-94b13174-grp"
            ],
            "management": [
              {
                "auto_repair": true,
                "auto_upgrade": false
              }
            ],
            "max_pods_per_node": 110,
            "name": "gke-example-node-pool-46b2",
            "name_prefix": "",
            "node_config": [
              {
                "boot_disk_kms_key": "",
                "disk_size_gb": 100,
                "disk_type": "pd-standard",
                "gcfs_config": [],
                "guest_accelerator": [],
                "gvnic": [],
                "image_type": "COS",
                "labels": {},
                "local_ssd_count": 0,
                "machine_type": "n1-standard-4",
                "metadata": {
                  "disable-legacy-endpoints": "true"
                },
                "min_cpu_platform": "",
                "node_group": "",
                "oauth_scopes": [
                  "https://www.googleapis.com/auth/compute",
                  "https://www.googleapis.com/auth/devstorage.read_only",
                  "https://www.googleapis.com/auth/logging.write",
                  "https://www.googleapis.com/auth/monitoring"
                ],
                "preemptible": false,
                "reservation_affinity": [],
                "service_account": "default",
                "shielded_instance_config": [
                  {
                    "enable_integrity_monitoring": true,
                    "enable_secure_boot": false
                  }
                ],
                "spot": false,
                "tags": [],
                "taint": [],
                "workload_metadata_config": []
              }
            ],
            "node_count": 1,
            "node_locations": [
              "us-central1-c"
            ],
            "operation": null,
            "project": "ethereal-jigsaw-362607",
            "timeouts": null,
            "upgrade_settings": [
              {
                "max_surge": 1,
                "max_unavailable": 0
              }
            ],
            "version": "1.22.12-gke.300"
          },
          "sensitive_attributes": [],
          "private": "eyJlMmJmYjczMC1lY2FhLTExZTYtOGY4OC0zNDM2M2JjN2M0YzAiOnsiY3JlYXRlIjoxODAwMDAwMDAwMDAwLCJkZWxldGUiOjE4MDAwMDAwMDAwMDAsInVwZGF0ZSI6MTgwMDAwMDAwMDAwMH0sInNjaGVtYV92ZXJzaW9uIjoiMSJ9",
          "dependencies": [
            "module.cluster.google_container_cluster.cluster",
            "module.network.google_compute_network.network",
            "module.network.google_compute_subnetwork.subnetwork",
            "module.node_pool.random_id.entropy"
          ],
          "create_before_destroy": true
        }
      ]
    },
    {
      "module": "module.node_pool",
      "mode": "managed",
      "type": "random_id",
      "name": "entropy",
      "provider": "provider[\"registry.terraform.io/hashicorp/random\"]",
      "instances": [
        {
          "schema_version": 0,
          "attributes": {
            "b64_std": "RrI=",
            "b64_url": "RrI",
            "byte_length": 2,
            "dec": "18098",
            "hex": "46b2",
            "id": "RrI",
            "keepers": {
              "additional_oauth_scopes": "",
              "disk_size": "100",
              "disk_type": "pd-standard",
              "enable_secure_boot": "false",
              "initial_node_count": "1",
              "labels": "{}",
              "machine_type": "n1-standard-4",
              "name": "gke-example-node-pool",
              "region": "us-central1",
              "tags": ""
            },
            "prefix": null
          },
          "sensitive_attributes": [],
          "create_before_destroy": true
        }
      ]
    }
  ]
}
